
Microsoft Visual Studio Solution File, Format Version 12.00
# Visual Studio Version 17
VisualStudioVersion = 17.0.31903.59
MinimumVisualStudioVersion = 10.0.40219.1
Project("{F2A71F9B-5D33-465A-A702-920D77279786}") = "Fun", "Fun\Fun.fsproj", "{5E0BB1EB-33DD-4FE4-B6DC-8442DDFDB90F}"
EndProject
Project("{F2A71F9B-5D33-465A-A702-920D77279786}") = "TypedFun", "TypedFun\TypedFun.fsproj", "{B0468CB3-7D16-409B-98CE-E95FBB14941B}"
EndProject
Project("{F2A71F9B-5D33-465A-A702-920D77279786}") = "Lec04", "Lec04.fsproj", "{FA5C849A-0BE1-4CC0-87BC-5097D2F00724}"
EndProject
Global
	GlobalSection(SolutionConfigurationPlatforms) = preSolution
		Debug|Any CPU = Debug|Any CPU
		Debug|x64 = Debug|x64
		Debug|x86 = Debug|x86
		Release|Any CPU = Release|Any CPU
		Release|x64 = Release|x64
		Release|x86 = Release|x86
	EndGlobalSection
	GlobalSection(ProjectConfigurationPlatforms) = postSolution
		{5E0BB1EB-33DD-4FE4-B6DC-8442DDFDB90F}.Debug|Any CPU.ActiveCfg = Debug|Any CPU
		{5E0BB1EB-33DD-4FE4-B6DC-8442DDFDB90F}.Debug|Any CPU.Build.0 = Debug|Any CPU
		{5E0BB1EB-33DD-4FE4-B6DC-8442DDFDB90F}.Debug|x64.ActiveCfg = Debug|Any CPU
		{5E0BB1EB-33DD-4FE4-B6DC-8442DDFDB90F}.Debug|x64.Build.0 = Debug|Any CPU
		{5E0BB1EB-33DD-4FE4-B6DC-8442DDFDB90F}.Debug|x86.ActiveCfg = Debug|Any CPU
		{5E0BB1EB-33DD-4FE4-B6DC-8442DDFDB90F}.Debug|x86.Build.0 = Debug|Any CPU
		{5E0BB1EB-33DD-4FE4-B6DC-8442DDFDB90F}.Release|Any CPU.ActiveCfg = Release|Any CPU
		{5E0BB1EB-33DD-4FE4-B6DC-8442DDFDB90F}.Release|Any CPU.Build.0 = Release|Any CPU
		{5E0BB1EB-33DD-4FE4-B6DC-8442DDFDB90F}.Release|x64.ActiveCfg = Release|Any CPU
		{5E0BB1EB-33DD-4FE4-B6DC-8442DDFDB90F}.Release|x64.Build.0 = Release|Any CPU
		{5E0BB1EB-33DD-4FE4-B6DC-8442DDFDB90F}.Release|x86.ActiveCfg = Release|Any CPU
		{5E0BB1EB-33DD-4FE4-B6DC-8442DDFDB90F}.Release|x86.Build.0 = Release|Any CPU
		{B0468CB3-7D16-409B-98CE-E95FBB14941B}.Debug|Any CPU.ActiveCfg = Debug|Any CPU
		{B0468CB3-7D16-409B-98CE-E95FBB14941B}.Debug|Any CPU.Build.0 = Debug|Any CPU
		{B0468CB3-7D16-409B-98CE-E95FBB14941B}.Debug|x64.ActiveCfg = Debug|Any CPU
		{B0468CB3-7D16-409B-98CE-E95FBB14941B}.Debug|x64.Build.0 = Debug|Any CPU
		{B0468CB3-7D16-409B-98CE-E95FBB14941B}.Debug|x86.ActiveCfg = Debug|Any CPU
		{B0468CB3-7D16-409B-98CE-E95FBB14941B}.Debug|x86.Build.0 = Debug|Any CPU
		{B0468CB3-7D16-409B-98CE-E95FBB14941B}.Release|Any CPU.ActiveCfg = Release|Any CPU
		{B0468CB3-7D16-409B-98CE-E95FBB14941B}.Release|Any CPU.Build.0 = Release|Any CPU
		{B0468CB3-7D16-409B-98CE-E95FBB14941B}.Release|x64.ActiveCfg = Release|Any CPU
		{B0468CB3-7D16-409B-98CE-E95FBB14941B}.Release|x64.Build.0 = Release|Any CPU
		{B0468CB3-7D16-409B-98CE-E95FBB14941B}.Release|x86.ActiveCfg = Release|Any CPU
		{B0468CB3-7D16-409B-98CE-E95FBB14941B}.Release|x86.Build.0 = Release|Any CPU
		{FA5C849A-0BE1-4CC0-87BC-5097D2F00724}.Debug|Any CPU.ActiveCfg = Debug|Any CPU
		{FA5C849A-0BE1-4CC0-87BC-5097D2F00724}.Debug|Any CPU.Build.0 = Debug|Any CPU
		{FA5C849A-0BE1-4CC0-87BC-5097D2F00724}.Debug|x64.ActiveCfg = Debug|Any CPU
		{FA5C849A-0BE1-4CC0-87BC-5097D2F00724}.Debug|x64.Build.0 = Debug|Any CPU
		{FA5C849A-0BE1-4CC0-87BC-5097D2F00724}.Debug|x86.ActiveCfg = Debug|Any CPU
		{FA5C849A-0BE1-4CC0-87BC-5097D2F00724}.Debug|x86.Build.0 = Debug|Any CPU
		{FA5C849A-0BE1-4CC0-87BC-5097D2F00724}.Release|Any CPU.ActiveCfg = Release|Any CPU
		{FA5C849A-0BE1-4CC0-87BC-5097D2F00724}.Release|Any CPU.Build.0 = Release|Any CPU
		{FA5C849A-0BE1-4CC0-87BC-5097D2F00724}.Release|x64.ActiveCfg = Release|Any CPU
		{FA5C849A-0BE1-4CC0-87BC-5097D2F00724}.Release|x64.Build.0 = Release|Any CPU
		{FA5C849A-0BE1-4CC0-87BC-5097D2F00724}.Release|x86.ActiveCfg = Release|Any CPU
		{FA5C849A-0BE1-4CC0-87BC-5097D2F00724}.Release|x86.Build.0 = Release|Any CPU
	EndGlobalSection
	GlobalSection(SolutionProperties) = preSolution
		HideSolutionNode = FALSE
	EndGlobalSection
EndGlobal
