
Microsoft Visual Studio Solution File, Format Version 12.00
# Visual Studio Version 17
VisualStudioVersion = 17.0.31903.59
MinimumVisualStudioVersion = 10.0.40219.1
Project("{F2A71F9B-5D33-465A-A702-920D77279786}") = "Fun", "Fun\Fun.fsproj", "{60C8BDAF-B767-41CD-840D-EDAECC3EB516}"
EndProject
Project("{F2A71F9B-5D33-465A-A702-920D77279786}") = "TypedFun", "TypedFun\TypedFun.fsproj", "{C782DFDE-C3F9-4B5F-9B3F-779637A7B732}"
EndProject
Global
	GlobalSection(SolutionConfigurationPlatforms) = preSolution
		Debug|Any CPU = Debug|Any CPU
		Debug|x64 = Debug|x64
		Debug|x86 = Debug|x86
		Release|Any CPU = Release|Any CPU
		Release|x64 = Release|x64
		Release|x86 = Release|x86
	EndGlobalSection
	GlobalSection(ProjectConfigurationPlatforms) = postSolution
		{60C8BDAF-B767-41CD-840D-EDAECC3EB516}.Debug|Any CPU.ActiveCfg = Debug|Any CPU
		{60C8BDAF-B767-41CD-840D-EDAECC3EB516}.Debug|Any CPU.Build.0 = Debug|Any CPU
		{60C8BDAF-B767-41CD-840D-EDAECC3EB516}.Debug|x64.ActiveCfg = Debug|Any CPU
		{60C8BDAF-B767-41CD-840D-EDAECC3EB516}.Debug|x64.Build.0 = Debug|Any CPU
		{60C8BDAF-B767-41CD-840D-EDAECC3EB516}.Debug|x86.ActiveCfg = Debug|Any CPU
		{60C8BDAF-B767-41CD-840D-EDAECC3EB516}.Debug|x86.Build.0 = Debug|Any CPU
		{60C8BDAF-B767-41CD-840D-EDAECC3EB516}.Release|Any CPU.ActiveCfg = Release|Any CPU
		{60C8BDAF-B767-41CD-840D-EDAECC3EB516}.Release|Any CPU.Build.0 = Release|Any CPU
		{60C8BDAF-B767-41CD-840D-EDAECC3EB516}.Release|x64.ActiveCfg = Release|Any CPU
		{60C8BDAF-B767-41CD-840D-EDAECC3EB516}.Release|x64.Build.0 = Release|Any CPU
		{60C8BDAF-B767-41CD-840D-EDAECC3EB516}.Release|x86.ActiveCfg = Release|Any CPU
		{60C8BDAF-B767-41CD-840D-EDAECC3EB516}.Release|x86.Build.0 = Release|Any CPU
		{C782DFDE-C3F9-4B5F-9B3F-779637A7B732}.Debug|Any CPU.ActiveCfg = Debug|Any CPU
		{C782DFDE-C3F9-4B5F-9B3F-779637A7B732}.Debug|Any CPU.Build.0 = Debug|Any CPU
		{C782DFDE-C3F9-4B5F-9B3F-779637A7B732}.Debug|x64.ActiveCfg = Debug|Any CPU
		{C782DFDE-C3F9-4B5F-9B3F-779637A7B732}.Debug|x64.Build.0 = Debug|Any CPU
		{C782DFDE-C3F9-4B5F-9B3F-779637A7B732}.Debug|x86.ActiveCfg = Debug|Any CPU
		{C782DFDE-C3F9-4B5F-9B3F-779637A7B732}.Debug|x86.Build.0 = Debug|Any CPU
		{C782DFDE-C3F9-4B5F-9B3F-779637A7B732}.Release|Any CPU.ActiveCfg = Release|Any CPU
		{C782DFDE-C3F9-4B5F-9B3F-779637A7B732}.Release|Any CPU.Build.0 = Release|Any CPU
		{C782DFDE-C3F9-4B5F-9B3F-779637A7B732}.Release|x64.ActiveCfg = Release|Any CPU
		{C782DFDE-C3F9-4B5F-9B3F-779637A7B732}.Release|x64.Build.0 = Release|Any CPU
		{C782DFDE-C3F9-4B5F-9B3F-779637A7B732}.Release|x86.ActiveCfg = Release|Any CPU
		{C782DFDE-C3F9-4B5F-9B3F-779637A7B732}.Release|x86.Build.0 = Release|Any CPU
	EndGlobalSection
	GlobalSection(SolutionProperties) = preSolution
		HideSolutionNode = FALSE
	EndGlobalSection
EndGlobal
